{
  "name": "homework-template",
  "version": "0.0.0",
  "lockfileVersion": 3,
  "requires": true,
  "packages": {
    "": {
      "name": "homework-template",
      "version": "0.0.0",
      "dependencies": {
        "@thi.ng/imgui": "^0.2.61",
        "dat.gui": "^0.7.7",
        "gl-matrix": "^3.3.0",
        "three": "^0.126.1",
        "three-mtl-loader": "^1.0.2"
      },
      "devDependencies": {
        "vite": "^2.0.5",
        "vite-plugin-string": "^1.2.3"
      }
    },
    "node_modules/@rollup/pluginutils": {
      "version": "5.3.0",
      "resolved": "https://registry.npmmirror.com/@rollup/pluginutils/-/pluginutils-5.3.0.tgz",
      "integrity": "sha512-5EdhGZtnu3V88ces7s53hhfK5KSASnJZv8Lulpc04cWO3REESroJXg73DFsOmgbU2BhwV0E20bu2IDZb3VKW4Q==",
      "dev": true,
      "license": "MIT",
      "dependencies": {
        "@types/estree": "^1.0.0",
        "estree-walker": "^2.0.2",
        "picomatch": "^4.0.2"
      },
      "engines": {
        "node": ">=14.0.0"
      },
      "peerDependencies": {
        "rollup": "^1.20.0||^2.0.0||^3.0.0||^4.0.0"
      },
      "peerDependenciesMeta": {
        "rollup": {
          "optional": true
        }
      }
    },
    "node_modules/@thi.ng/api": {
      "version": "7.1.4",
      "resolved": "https://registry.npm.taobao.org/@thi.ng/api/download/@thi.ng/api-7.1.4.tgz",
      "integrity": "sha1-oB7G22q1bEmCIk1x24Nx4ZS/qvU=",
      "funding": [
        {
          "type": "github",
          "url": "https://github.com/sponsors/postspectacular"
        },
        {
          "type": "patreon",
          "url": "https://patreon.com/thing_umbrella"
        }
      ]
    },
    "node_modules/@thi.ng/arrays": {
      "version": "0.10.9",
      "resolved": "https://registry.npm.taobao.org/@thi.ng/arrays/download/@thi.ng/arrays-0.10.9.tgz",
      "integrity": "sha1-Kf+W31ZCgAf37CKzKBtsVRDjo9o=",
      "funding": [
        {
          "type": "github",
          "url": "https://github.com/sponsors/postspectacular"
        },
        {
          "type": "patreon",
          "url": "https://patreon.com/thing_umbrella"
        }
      ],
      "dependencies": {
        "@thi.ng/api": "^7.1.4",
        "@thi.ng/checks": "^2.9.5",
        "@thi.ng/compare": "^1.3.28",
        "@thi.ng/equiv": "^1.0.41",
        "@thi.ng/errors": "^1.3.0",
        "@thi.ng/random": "^2.3.6"
      }
    },
    "node_modules/@thi.ng/binary": {
      "version": "2.2.4",
      "resolved": "https://registry.npm.taobao.org/@thi.ng/binary/download/@thi.ng/binary-2.2.4.tgz",
      "integrity": "sha1-04wunFF8dBZALFV5jB6RaZsI8i0=",
      "funding": [
        {
          "type": "github",
          "url": "https://github.com/sponsors/postspectacular"
        },
        {
          "type": "patreon",
          "url": "https://patreon.com/thing_umbrella"
        }
      ],
      "dependencies": {
        "@thi.ng/api": "^7.1.4"
      }
    },
    "node_modules/@thi.ng/checks": {
      "version": "2.9.5",
      "resolved": "https://registry.npm.taobao.org/@thi.ng/checks/download/@thi.ng/checks-2.9.5.tgz",
      "integrity": "sha1-Dxc1cj2/siEzbivLRbIjswyAX/4=",
      "funding": [
        {
          "type": "github",
          "url": "https://github.com/sponsors/postspectacular"
        },
        {
          "type": "patreon",
          "url": "https://patreon.com/thing_umbrella"
        }
      ],
      "dependencies": {
        "tslib": "^2.1.0"
      }
    },
    "node_modules/@thi.ng/color": {
      "version": "3.1.6",
      "resolved": "https://registry.npm.taobao.org/@thi.ng/color/download/@thi.ng/color-3.1.6.tgz",
      "integrity": "sha1-bzT2lN2xf2iGftKALNn0KW+FHAQ=",
      "funding": [
        {
          "type": "github",
          "url": "https://github.com/sponsors/postspectacular"
        },
        {
          "type": "patreon",
          "url": "https://patreon.com/thing_umbrella"
        }
      ],
      "dependencies": {
        "@thi.ng/api": "^7.1.4",
        "@thi.ng/arrays": "^0.10.9",
        "@thi.ng/binary": "^2.2.4",
        "@thi.ng/checks": "^2.9.5",
        "@thi.ng/compare": "^1.3.28",
        "@thi.ng/compose": "^1.4.30",
        "@thi.ng/defmulti": "^1.3.11",
        "@thi.ng/errors": "^1.3.0",
        "@thi.ng/math": "^3.3.0",
        "@thi.ng/random": "^2.3.6",
        "@thi.ng/strings": "^1.15.6",
        "@thi.ng/transducers": "^7.6.7",
        "@thi.ng/vectors": "^5.1.5"
      }
    },
    "node_modules/@thi.ng/compare": {
      "version": "1.3.28",
      "resolved": "https://registry.npm.taobao.org/@thi.ng/compare/download/@thi.ng/compare-1.3.28.tgz",
      "integrity": "sha1-FskfhFC3Vi9FRSa/YSvx9Q90hu0=",
      "funding": [
        {
          "type": "github",
          "url": "https://github.com/sponsors/postspectacular"
        },
        {
          "type": "patreon",
          "url": "https://patreon.com/thing_umbrella"
        }
      ],
      "dependencies": {
        "@thi.ng/api": "^7.1.4"
      }
    },
    "node_modules/@thi.ng/compose": {
      "version": "1.4.30",
      "resolved": "https://registry.npm.taobao.org/@thi.ng/compose/download/@thi.ng/compose-1.4.30.tgz",
      "integrity": "sha1-l/Ofc7+8eZZRZNVergwJmVYiBz4=",
      "funding": [
        {
          "type": "github",
          "url": "https://github.com/sponsors/postspectacular"
        },
        {
          "type": "patreon",
          "url": "https://patreon.com/thing_umbrella"
        }
      ],
      "dependencies": {
        "@thi.ng/api": "^7.1.4",
        "@thi.ng/errors": "^1.3.0"
      }
    },
    "node_modules/@thi.ng/defmulti": {
      "version": "1.3.11",
      "resolved": "https://registry.npm.taobao.org/@thi.ng/defmulti/download/@thi.ng/defmulti-1.3.11.tgz",
      "integrity": "sha1-f8IBhXihjy8bdDVT7HCK//ru1dA=",
      "funding": [
        {
          "type": "github",
          "url": "https://github.com/sponsors/postspectacular"
        },
        {
          "type": "patreon",
          "url": "https://patreon.com/thing_umbrella"
        }
      ],
      "dependencies": {
        "@thi.ng/api": "^7.1.4",
        "@thi.ng/errors": "^1.3.0"
      }
    },
    "node_modules/@thi.ng/equiv": {
      "version": "1.0.41",
      "resolved": "https://registry.npm.taobao.org/@thi.ng/equiv/download/@thi.ng/equiv-1.0.41.tgz",
      "integrity": "sha1-GhQHfhYPov49i+uopzNhxo2QZtk=",
      "funding": [
        {
          "type": "github",
          "url": "https://github.com/sponsors/postspectacular"
        },
        {
          "type": "patreon",
          "url": "https://patreon.com/thing_umbrella"
        }
      ]
    },
    "node_modules/@thi.ng/errors": {
      "version": "1.3.0",
      "resolved": "https://registry.npm.taobao.org/@thi.ng/errors/download/@thi.ng/errors-1.3.0.tgz",
      "integrity": "sha1-qdRgoZTYpxlAPfFAwpdvT03ORDI=",
      "funding": [
        {
          "type": "github",
          "url": "https://github.com/sponsors/postspectacular"
        },
        {
          "type": "patreon",
          "url": "https://patreon.com/thing_umbrella"
        }
      ]
    },
    "node_modules/@thi.ng/geom": {
      "version": "2.1.8",
      "resolved": "https://registry.npm.taobao.org/@thi.ng/geom/download/@thi.ng/geom-2.1.8.tgz",
      "integrity": "sha1-jFo9B2dN5s9Iir1IegMK91x9nDA=",
      "funding": [
        {
          "type": "github",
          "url": "https://github.com/sponsors/postspectacular"
        },
        {
          "type": "patreon",
          "url": "https://patreon.com/thing_umbrella"
        }
      ],
      "dependencies": {
        "@thi.ng/api": "^7.1.4",
        "@thi.ng/arrays": "^0.10.9",
        "@thi.ng/checks": "^2.9.5",
        "@thi.ng/defmulti": "^1.3.11",
        "@thi.ng/equiv": "^1.0.41",
        "@thi.ng/errors": "^1.3.0",
        "@thi.ng/geom-api": "^2.0.13",
        "@thi.ng/geom-arc": "^0.3.31",
        "@thi.ng/geom-clip-line": "^1.2.27",
        "@thi.ng/geom-clip-poly": "^1.0.52",
        "@thi.ng/geom-closest-point": "^0.5.18",
        "@thi.ng/geom-hull": "^0.0.84",
        "@thi.ng/geom-isec": "^0.7.16",
        "@thi.ng/geom-poly-utils": "^0.3.13",
        "@thi.ng/geom-resample": "^0.2.64",
        "@thi.ng/geom-splines": "^0.5.51",
        "@thi.ng/geom-subdiv-curve": "^0.1.82",
        "@thi.ng/geom-tessellate": "^0.2.65",
        "@thi.ng/hiccup": "^3.6.14",
        "@thi.ng/hiccup-svg": "^3.7.14",
        "@thi.ng/math": "^3.3.0",
        "@thi.ng/matrices": "^0.6.51",
        "@thi.ng/random": "^2.3.6",
        "@thi.ng/strings": "^1.15.6",
        "@thi.ng/transducers": "^7.6.7",
        "@thi.ng/vectors": "^5.1.5"
      }
    },
    "node_modules/@thi.ng/geom-api": {
      "version": "2.0.13",
      "resolved": "https://registry.npm.taobao.org/@thi.ng/geom-api/download/@thi.ng/geom-api-2.0.13.tgz",
      "integrity": "sha1-+tykvT5igJAoLX5ldAffP0UigNM=",
      "funding": [
        {
          "type": "github",
          "url": "https://github.com/sponsors/postspectacular"
        },
        {
          "type": "patreon",
          "url": "https://patreon.com/thing_umbrella"
        }
      ],
      "dependencies": {
        "@thi.ng/api": "^7.1.4",
        "@thi.ng/vectors": "^5.1.5"
      }
    },
    "node_modules/@thi.ng/geom-arc": {
      "version": "0.3.31",
      "resolved": "https://registry.npm.taobao.org/@thi.ng/geom-arc/download/@thi.ng/geom-arc-0.3.31.tgz",
      "integrity": "sha1-dZvmVZmMmCnhscC6wjkQLiKVyfQ=",
      "funding": [
        {
          "type": "github",
          "url": "https://github.com/sponsors/postspectacular"
        },
        {
          "type": "patreon",
          "url": "https://patreon.com/thing_umbrella"
        }
      ],
      "dependencies": {
        "@thi.ng/checks": "^2.9.5",
        "@thi.ng/geom-api": "^2.0.13",
        "@thi.ng/geom-resample": "^0.2.64",
        "@thi.ng/math": "^3.3.0",
        "@thi.ng/vectors": "^5.1.5"
      }
    },
    "node_modules/@thi.ng/geom-clip-line": {
      "version": "1.2.27",
      "resolved": "https://registry.npm.taobao.org/@thi.ng/geom-clip-line/download/@thi.ng/geom-clip-line-1.2.27.tgz",
      "integrity": "sha1-o4LrZko5YZiDbD1JfboLE2ZbMe0=",
      "funding": [
        {
          "type": "github",
          "url": "https://github.com/sponsors/postspectacular"
        },
        {
          "type": "patreon",
          "url": "https://patreon.com/thing_umbrella"
        }
      ],
      "dependencies": {
        "@thi.ng/api": "^7.1.4",
        "@thi.ng/geom-isec": "^0.7.16",
        "@thi.ng/vectors": "^5.1.5"
      }
    },
    "node_modules/@thi.ng/geom-clip-poly": {
      "version": "1.0.52",
      "resolved": "https://registry.npm.taobao.org/@thi.ng/geom-clip-poly/download/@thi.ng/geom-clip-poly-1.0.52.tgz",
      "integrity": "sha1-5TPIXQ6ardUKQokQA+DxOpkxyJ4=",
      "funding": [
        {
          "type": "github",
          "url": "https://github.com/sponsors/postspectacular"
        },
        {
          "type": "patreon",
          "url": "https://patreon.com/thing_umbrella"
        }
      ],
      "dependencies": {
        "@thi.ng/geom-isec": "^0.7.16",
        "@thi.ng/geom-poly-utils": "^0.3.13",
        "@thi.ng/math": "^3.3.0",
        "@thi.ng/vectors": "^5.1.5"
      }
    },
    "node_modules/@thi.ng/geom-closest-point": {
      "version": "0.5.18",
      "resolved": "https://registry.npm.taobao.org/@thi.ng/geom-closest-point/download/@thi.ng/geom-closest-point-0.5.18.tgz",
      "integrity": "sha1-7kSxAXU5Pi8bVOmPNYoEHRqgtzI=",
      "funding": [
        {
          "type": "github",
          "url": "https://github.com/sponsors/postspectacular"
        },
        {
          "type": "patreon",
          "url": "https://patreon.com/thing_umbrella"
        }
      ],
      "dependencies": {
        "@thi.ng/api": "^7.1.4",
        "@thi.ng/math": "^3.3.0",
        "@thi.ng/vectors": "^5.1.5"
      }
    },
    "node_modules/@thi.ng/geom-hull": {
      "version": "0.0.84",
      "resolved": "https://registry.npm.taobao.org/@thi.ng/geom-hull/download/@thi.ng/geom-hull-0.0.84.tgz",
      "integrity": "sha1-Aux8+oA3zc5lr+K+DWfjNwdhJUA=",
      "funding": [
        {
          "type": "github",
          "url": "https://github.com/sponsors/postspectacular"
        },
        {
          "type": "patreon",
          "url": "https://patreon.com/thing_umbrella"
        }
      ],
      "dependencies": {
        "@thi.ng/math": "^3.3.0",
        "@thi.ng/vectors": "^5.1.5"
      }
    },
    "node_modules/@thi.ng/geom-isec": {
      "version": "0.7.16",
      "resolved": "https://registry.npm.taobao.org/@thi.ng/geom-isec/download/@thi.ng/geom-isec-0.7.16.tgz",
      "integrity": "sha1-WeIpBoC53hnb115HRbkQhqKQfAo=",
      "funding": [
        {
          "type": "github",
          "url": "https://github.com/sponsors/postspectacular"
        },
        {
          "type": "patreon",
          "url": "https://patreon.com/thing_umbrella"
        }
      ],
      "dependencies": {
        "@thi.ng/api": "^7.1.4",
        "@thi.ng/geom-api": "^2.0.13",
        "@thi.ng/geom-closest-point": "^0.5.18",
        "@thi.ng/math": "^3.3.0",
        "@thi.ng/vectors": "^5.1.5"
      }
    },
    "node_modules/@thi.ng/geom-poly-utils": {
      "version": "0.3.13",
      "resolved": "https://registry.npm.taobao.org/@thi.ng/geom-poly-utils/download/@thi.ng/geom-poly-utils-0.3.13.tgz",
      "integrity": "sha1-kLgGk1+pIxXCSlSLE7zC+0hWizU=",
      "funding": [
        {
          "type": "github",
          "url": "https://github.com/sponsors/postspectacular"
        },
        {
          "type": "patreon",
          "url": "https://patreon.com/thing_umbrella"
        }
      ],
      "dependencies": {
        "@thi.ng/api": "^7.1.4",
        "@thi.ng/errors": "^1.3.0",
        "@thi.ng/geom-api": "^2.0.13",
        "@thi.ng/math": "^3.3.0",
        "@thi.ng/vectors": "^5.1.5"
      }
    },
    "node_modules/@thi.ng/geom-resample": {
      "version": "0.2.64",
      "resolved": "https://registry.npm.taobao.org/@thi.ng/geom-resample/download/@thi.ng/geom-resample-0.2.64.tgz",
      "integrity": "sha1-AU5J1LJH0CmnYnWS7OJf5KXArBk=",
      "funding": [
        {
          "type": "github",
          "url": "https://github.com/sponsors/postspectacular"
        },
        {
          "type": "patreon",
          "url": "https://patreon.com/thing_umbrella"
        }
      ],
      "dependencies": {
        "@thi.ng/checks": "^2.9.5",
        "@thi.ng/geom-api": "^2.0.13",
        "@thi.ng/geom-closest-point": "^0.5.18",
        "@thi.ng/math": "^3.3.0",
        "@thi.ng/vectors": "^5.1.5"
      }
    },
    "node_modules/@thi.ng/geom-splines": {
      "version": "0.5.51",
      "resolved": "https://registry.npm.taobao.org/@thi.ng/geom-splines/download/@thi.ng/geom-splines-0.5.51.tgz",
      "integrity": "sha1-sbki5/B7PTA5U/T9I6NFxtkjK94=",
      "funding": [
        {
          "type": "github",
          "url": "https://github.com/sponsors/postspectacular"
        },
        {
          "type": "patreon",
          "url": "https://patreon.com/thing_umbrella"
        }
      ],
      "dependencies": {
        "@thi.ng/api": "^7.1.4",
        "@thi.ng/checks": "^2.9.5",
        "@thi.ng/geom-api": "^2.0.13",
        "@thi.ng/geom-arc": "^0.3.31",
        "@thi.ng/geom-resample": "^0.2.64",
        "@thi.ng/math": "^3.3.0",
        "@thi.ng/vectors": "^5.1.5"
      }
    },
    "node_modules/@thi.ng/geom-subdiv-curve": {
      "version": "0.1.82",
      "resolved": "https://registry.npm.taobao.org/@thi.ng/geom-subdiv-curve/download/@thi.ng/geom-subdiv-curve-0.1.82.tgz",
      "integrity": "sha1-J3wirPQyeYw20Lye7hs0ACeSORc=",
      "funding": [
        {
          "type": "github",
          "url": "https://github.com/sponsors/postspectacular"
        },
        {
          "type": "patreon",
          "url": "https://patreon.com/thing_umbrella"
        }
      ],
      "dependencies": {
        "@thi.ng/api": "^7.1.4",
        "@thi.ng/geom-api": "^2.0.13",
        "@thi.ng/transducers": "^7.6.7",
        "@thi.ng/vectors": "^5.1.5"
      }
    },
    "node_modules/@thi.ng/geom-tessellate": {
      "version": "0.2.65",
      "resolved": "https://registry.npm.taobao.org/@thi.ng/geom-tessellate/download/@thi.ng/geom-tessellate-0.2.65.tgz",
      "integrity": "sha1-88L5JUbSPg3IoVveW1F9m5CUQhg=",
      "funding": [
        {
          "type": "github",
          "url": "https://github.com/sponsors/postspectacular"
        },
        {
          "type": "patreon",
          "url": "https://patreon.com/thing_umbrella"
        }
      ],
      "dependencies": {
        "@thi.ng/checks": "^2.9.5",
        "@thi.ng/geom-api": "^2.0.13",
        "@thi.ng/geom-isec": "^0.7.16",
        "@thi.ng/geom-poly-utils": "^0.3.13",
        "@thi.ng/transducers": "^7.6.7",
        "@thi.ng/vectors": "^5.1.5"
      }
    },
    "node_modules/@thi.ng/hex": {
      "version": "0.2.5",
      "resolved": "https://registry.npm.taobao.org/@thi.ng/hex/download/@thi.ng/hex-0.2.5.tgz",
      "integrity": "sha1-otwleCf8yMwjRXRZMjcVQ0fv4cw=",
      "funding": [
        {
          "type": "github",
          "url": "https://github.com/sponsors/postspectacular"
        },
        {
          "type": "patreon",
          "url": "https://patreon.com/thing_umbrella"
        }
      ]
    },
    "node_modules/@thi.ng/hiccup": {
      "version": "3.6.14",
      "resolved": "https://registry.npm.taobao.org/@thi.ng/hiccup/download/@thi.ng/hiccup-3.6.14.tgz",
      "integrity": "sha1-jV2MQEOyJM/maetao9VWkbFv1v4=",
      "funding": [
        {
          "type": "github",
          "url": "https://github.com/sponsors/postspectacular"
        },
        {
          "type": "patreon",
          "url": "https://patreon.com/thing_umbrella"
        }
      ],
      "dependencies": {
        "@thi.ng/api": "^7.1.4",
        "@thi.ng/checks": "^2.9.5",
        "@thi.ng/errors": "^1.3.0"
      }
    },
    "node_modules/@thi.ng/hiccup-svg": {
      "version": "3.7.14",
      "resolved": "https://registry.npm.taobao.org/@thi.ng/hiccup-svg/download/@thi.ng/hiccup-svg-3.7.14.tgz",
      "integrity": "sha1-DsoFoivMuU6X5dIiQGBmJXNSO3k=",
      "funding": [
        {
          "type": "github",
          "url": "https://github.com/sponsors/postspectacular"
        },
        {
          "type": "patreon",
          "url": "https://patreon.com/thing_umbrella"
        }
      ],
      "dependencies": {
        "@thi.ng/checks": "^2.9.5",
        "@thi.ng/color": "^3.1.6",
        "@thi.ng/prefixes": "^0.1.17"
      }
    },
    "node_modules/@thi.ng/imgui": {
      "version": "0.2.61",
      "resolved": "https://registry.npm.taobao.org/@thi.ng/imgui/download/@thi.ng/imgui-0.2.61.tgz",
      "integrity": "sha1-tk5HtdFuoOaMc0gd515IUYK+Q3Q=",
      "funding": [
        {
          "type": "github",
          "url": "https://github.com/sponsors/postspectacular"
        },
        {
          "type": "patreon",
          "url": "https://patreon.com/thing_umbrella"
        }
      ],
      "dependencies": {
        "@thi.ng/api": "^7.1.4",
        "@thi.ng/checks": "^2.9.5",
        "@thi.ng/geom": "^2.1.8",
        "@thi.ng/geom-api": "^2.0.13",
        "@thi.ng/geom-isec": "^0.7.16",
        "@thi.ng/geom-tessellate": "^0.2.65",
        "@thi.ng/layout": "^0.1.34",
        "@thi.ng/math": "^3.3.0",
        "@thi.ng/transducers": "^7.6.7",
        "@thi.ng/vectors": "^5.1.5"
      }
    },
    "node_modules/@thi.ng/layout": {
      "version": "0.1.34",
      "resolved": "https://registry.npm.taobao.org/@thi.ng/layout/download/@thi.ng/layout-0.1.34.tgz",
      "integrity": "sha1-ZeUq86s++ayqfizJn4oSbMJR7Qw=",
      "funding": [
        {
          "type": "github",
          "url": "https://github.com/sponsors/postspectacular"
        },
        {
          "type": "patreon",
          "url": "https://patreon.com/thing_umbrella"
        }
      ],
      "dependencies": {
        "@thi.ng/checks": "^2.9.5"
      }
    },
    "node_modules/@thi.ng/math": {
      "version": "3.3.0",
      "resolved": "https://registry.npm.taobao.org/@thi.ng/math/download/@thi.ng/math-3.3.0.tgz",
      "integrity": "sha1-G7wf6lZ1Mm5yuiaWcxLtTtwdelg=",
      "funding": [
        {
          "type": "github",
          "url": "https://github.com/sponsors/postspectacular"
        },
        {
          "type": "patreon",
          "url": "https://patreon.com/thing_umbrella"
        }
      ],
      "dependencies": {
        "@thi.ng/api": "^7.1.4"
      }
    },
    "node_modules/@thi.ng/matrices": {
      "version": "0.6.51",
      "resolved": "https://registry.npm.taobao.org/@thi.ng/matrices/download/@thi.ng/matrices-0.6.51.tgz",
      "integrity": "sha1-hfMY4h3Unzl4WE48fMYPG1808Wo=",
      "funding": [
        {
          "type": "github",
          "url": "https://github.com/sponsors/postspectacular"
        },
        {
          "type": "patreon",
          "url": "https://patreon.com/thing_umbrella"
        }
      ],
      "dependencies": {
        "@thi.ng/api": "^7.1.4",
        "@thi.ng/checks": "^2.9.5",
        "@thi.ng/math": "^3.3.0",
        "@thi.ng/vectors": "^5.1.5"
      }
    },
    "node_modules/@thi.ng/memoize": {
      "version": "2.1.14",
      "resolved": "https://registry.npm.taobao.org/@thi.ng/memoize/download/@thi.ng/memoize-2.1.14.tgz",
      "integrity": "sha1-p+X/qouIX+Uo1Xr+qGKVMJkFras=",
      "funding": [
        {
          "type": "github",
          "url": "https://github.com/sponsors/postspectacular"
        },
        {
          "type": "patreon",
          "url": "https://patreon.com/thing_umbrella"
        }
      ],
      "dependencies": {
        "@thi.ng/api": "^7.1.4"
      }
    },
    "node_modules/@thi.ng/prefixes": {
      "version": "0.1.17",
      "resolved": "https://registry.npm.taobao.org/@thi.ng/prefixes/download/@thi.ng/prefixes-0.1.17.tgz",
      "integrity": "sha1-C0k9psgBQZDBc50TvSGv9rNNlCs=",
      "funding": [
        {
          "type": "github",
          "url": "https://github.com/sponsors/postspectacular"
        },
        {
          "type": "patreon",
          "url": "https://patreon.com/thing_umbrella"
        }
      ]
    },
    "node_modules/@thi.ng/random": {
      "version": "2.3.6",
      "resolved": "https://registry.npm.taobao.org/@thi.ng/random/download/@thi.ng/random-2.3.6.tgz",
      "integrity": "sha1-g7Smy7JUKaYxwUCab36/cIW/4Vo=",
      "funding": [
        {
          "type": "github",
          "url": "https://github.com/sponsors/postspectacular"
        },
        {
          "type": "patreon",
          "url": "https://patreon.com/thing_umbrella"
        }
      ],
      "dependencies": {
        "@thi.ng/api": "^7.1.4",
        "@thi.ng/checks": "^2.9.5",
        "@thi.ng/hex": "^0.2.5"
      }
    },
    "node_modules/@thi.ng/strings": {
      "version": "1.15.6",
      "resolved": "https://registry.npm.taobao.org/@thi.ng/strings/download/@thi.ng/strings-1.15.6.tgz",
      "integrity": "sha1-XWlxxcDY1Qp18ncJgPnwsTOqgus=",
      "funding": [
        {
          "type": "github",
          "url": "https://github.com/sponsors/postspectacular"
        },
        {
          "type": "patreon",
          "url": "https://patreon.com/thing_umbrella"
        }
      ],
      "dependencies": {
        "@thi.ng/api": "^7.1.4",
        "@thi.ng/errors": "^1.3.0",
        "@thi.ng/hex": "^0.2.5",
        "@thi.ng/memoize": "^2.1.14"
      }
    },
    "node_modules/@thi.ng/transducers": {
      "version": "7.6.7",
      "resolved": "https://registry.npm.taobao.org/@thi.ng/transducers/download/@thi.ng/transducers-7.6.7.tgz",
      "integrity": "sha1-Bolhhk2tt3IoqcNWe5cgbqCb8c4=",
      "funding": [
        {
          "type": "github",
          "url": "https://github.com/sponsors/postspectacular"
        },
        {
          "type": "patreon",
          "url": "https://patreon.com/thing_umbrella"
        }
      ],
      "dependencies": {
        "@thi.ng/api": "^7.1.4",
        "@thi.ng/arrays": "^0.10.9",
        "@thi.ng/checks": "^2.9.5",
        "@thi.ng/compare": "^1.3.28",
        "@thi.ng/compose": "^1.4.30",
        "@thi.ng/errors": "^1.3.0",
        "@thi.ng/math": "^3.3.0",
        "@thi.ng/random": "^2.3.6"
      }
    },
    "node_modules/@thi.ng/vectors": {
      "version": "5.1.5",
      "resolved": "https://registry.npm.taobao.org/@thi.ng/vectors/download/@thi.ng/vectors-5.1.5.tgz",
      "integrity": "sha1-RCj1sTF8sdWO4sLzShXFwAG2yK0=",
      "funding": [
        {
          "type": "github",
          "url": "https://github.com/sponsors/postspectacular"
        },
        {
          "type": "patreon",
          "url": "https://patreon.com/thing_umbrella"
        }
      ],
      "dependencies": {
        "@thi.ng/api": "^7.1.4",
        "@thi.ng/binary": "^2.2.4",
        "@thi.ng/checks": "^2.9.5",
        "@thi.ng/equiv": "^1.0.41",
        "@thi.ng/errors": "^1.3.0",
        "@thi.ng/math": "^3.3.0",
        "@thi.ng/memoize": "^2.1.14",
        "@thi.ng/random": "^2.3.6",
        "@thi.ng/transducers": "^7.6.7"
      }
    },
    "node_modules/@types/estree": {
      "version": "1.0.8",
      "resolved": "https://registry.npmmirror.com/@types/estree/-/estree-1.0.8.tgz",
      "integrity": "sha512-dWHzHa2WqEXI/O1E9OjrocMTKJl2mSrEolh1Iomrv6U+JuNwaHXsXx9bLu5gG7BUWFIN0skIQJQ/L1rIex4X6w==",
      "dev": true,
      "license": "MIT"
    },
    "node_modules/colorette": {
      "version": "1.2.2",
      "resolved": "https://registry.npm.taobao.org/colorette/download/colorette-1.2.2.tgz?cache=0&sync_timestamp=1614259647923&other_urls=https%3A%2F%2Fregistry.npm.taobao.org%2Fcolorette%2Fdownload%2Fcolorette-1.2.2.tgz",
      "integrity": "sha1-y8x51emcrqLb8Q6zom/Ys+as+pQ=",
      "dev": true
    },
    "node_modules/dat.gui": {
      "version": "0.7.7",
      "resolved": "https://registry.npm.taobao.org/dat.gui/download/dat.gui-0.7.7.tgz",
      "integrity": "sha1-f5bb0hYhp2OFIDZZrr+iZO5q6Js="
    },
    "node_modules/esbuild": {
      "version": "0.9.5",
      "resolved": "https://registry.npm.taobao.org/esbuild/download/esbuild-0.9.5.tgz?cache=0&sync_timestamp=1616179847543&other_urls=https%3A%2F%2Fregistry.npm.taobao.org%2Fesbuild%2Fdownload%2Fesbuild-0.9.5.tgz",
      "integrity": "sha1-IA54NlgMCniEnuJXZW79QNvwtN8=",
      "dev": true,
      "hasInstallScript": true,
      "bin": {
        "esbuild": "bin/esbuild"
      }
    },
    "node_modules/estree-walker": {
      "version": "2.0.2",
      "resolved": "https://registry.npmmirror.com/estree-walker/-/estree-walker-2.0.2.tgz",
      "integrity": "sha512-Rfkk/Mp/DL7JVje3u18FxFujQlTNR2q6QfMSMB7AvCBx91NGj/ba3kCfza0f6dVDbw7YlRf/nDrn7pQrCCyQ/w==",
      "dev": true,
      "license": "MIT"
    },
    "node_modules/fsevents": {
      "version": "2.3.2",
      "resolved": "https://registry.npm.taobao.org/fsevents/download/fsevents-2.3.2.tgz?cache=0&sync_timestamp=1612536422255&other_urls=https%3A%2F%2Fregistry.npm.taobao.org%2Ffsevents%2Fdownload%2Ffsevents-2.3.2.tgz",
      "integrity": "sha1-ilJveLj99GI7cJ4Ll1xSwkwC/Ro=",
      "dev": true,
      "hasInstallScript": true,
      "optional": true,
      "os": [
        "darwin"
      ],
      "engines": {
        "node": "^8.16.0 || ^10.6.0 || >=11.0.0"
      }
    },
    "node_modules/function-bind": {
      "version": "1.1.1",
      "resolved": "https://registry.npm.taobao.org/function-bind/download/function-bind-1.1.1.tgz",
      "integrity": "sha1-pWiZ0+o8m6uHS7l3O3xe3pL0iV0=",
      "dev": true
    },
    "node_modules/gl-matrix": {
      "version": "3.3.0",
      "resolved": "https://registry.npm.taobao.org/gl-matrix/download/gl-matrix-3.3.0.tgz",
      "integrity": "sha1-Iy7vYLHIswooy751ssr2xI/WNYs="
    },
    "node_modules/has": {
      "version": "1.0.3",
      "resolved": "https://registry.npm.taobao.org/has/download/has-1.0.3.tgz",
      "integrity": "sha1-ci18v8H2qoJB8W3YFOAR4fQeh5Y=",
      "dev": true,
      "dependencies": {
        "function-bind": "^1.1.1"
      },
      "engines": {
        "node": ">= 0.4.0"
      }
    },
    "node_modules/is-core-module": {
      "version": "2.2.0",
      "resolved": "https://registry.npm.taobao.org/is-core-module/download/is-core-module-2.2.0.tgz",
      "integrity": "sha1-lwN+89UiJNhRY/VZeytj2a/tmBo=",
      "dev": true,
      "dependencies": {
        "has": "^1.0.3"
      },
      "funding": {
        "url": "https://github.com/sponsors/ljharb"
      }
    },
    "node_modules/nanoid": {
      "version": "3.1.22",
      "resolved": "https://registry.npm.taobao.org/nanoid/download/nanoid-3.1.22.tgz",
      "integrity": "sha1-s1+Pt9FRmQqK69WqUBXAPPcm+EQ=",
      "dev": true,
      "bin": {
        "nanoid": "bin/nanoid.cjs"
      },
      "engines": {
        "node": "^10 || ^12 || ^13.7 || ^14 || >=15.0.1"
      }
    },
    "node_modules/path-parse": {
      "version": "1.0.6",
      "resolved": "https://registry.npm.taobao.org/path-parse/download/path-parse-1.0.6.tgz",
      "integrity": "sha1-1i27VnlAXXLEc37FhgDp3c8G0kw=",
      "dev": true
    },
    "node_modules/picomatch": {
      "version": "4.0.3",
      "resolved": "https://registry.npmmirror.com/picomatch/-/picomatch-4.0.3.tgz",
      "integrity": "sha512-5gTmgEY/sqK6gFXLIsQNH19lWb4ebPDLA4SdLP7dsWkIXHWlG66oPuVvXSGFPppYZz8ZDZq0dYYrbHfBCVUb1Q==",
      "dev": true,
      "license": "MIT",
      "engines": {
        "node": ">=12"
      },
      "funding": {
        "url": "https://github.com/sponsors/jonschlinkert"
      }
    },
    "node_modules/postcss": {
      "version": "8.2.8",
      "resolved": "https://registry.npm.taobao.org/postcss/download/postcss-8.2.8.tgz",
      "integrity": "sha1-C5D5OC79pCTE8PaaLq1vaDDQjs4=",
      "dev": true,
      "dependencies": {
        "colorette": "^1.2.2",
        "nanoid": "^3.1.20",
        "source-map": "^0.6.1"
      },
      "engines": {
        "node": "^10 || ^12 || >=14"
      },
      "funding": {
        "type": "opencollective",
        "url": "https://opencollective.com/postcss/"
      }
    },
    "node_modules/resolve": {
      "version": "1.20.0",
      "resolved": "https://registry.npm.taobao.org/resolve/download/resolve-1.20.0.tgz",
      "integrity": "sha1-YpoBP7P3B1XW8LeTXMHCxTeLGXU=",
      "dev": true,
      "dependencies": {
        "is-core-module": "^2.2.0",
        "path-parse": "^1.0.6"
      },
      "funding": {
        "url": "https://github.com/sponsors/ljharb"
      }
    },
    "node_modules/rollup": {
      "version": "2.42.1",
      "resolved": "https://registry.npm.taobao.org/rollup/download/rollup-2.42.1.tgz?cache=0&sync_timestamp=1616220350462&other_urls=https%3A%2F%2Fregistry.npm.taobao.org%2Frollup%2Fdownload%2Frollup-2.42.1.tgz",
      "integrity": "sha1-bWdbeXHjvuUQk1MmoPflVrt9Q94=",
      "dev": true,
      "bin": {
        "rollup": "dist/bin/rollup"
      },
      "engines": {
        "node": ">=10.0.0"
      },
      "optionalDependencies": {
        "fsevents": "~2.3.1"
      }
    },
    "node_modules/source-map": {
      "version": "0.6.1",
      "resolved": "https://registry.npm.taobao.org/source-map/download/source-map-0.6.1.tgz",
      "integrity": "sha1-dHIq8y6WFOnCh6jQu95IteLxomM=",
      "dev": true,
      "engines": {
        "node": ">=0.10.0"
      }
    },
    "node_modules/three": {
      "version": "0.126.1",
      "resolved": "https://registry.npm.taobao.org/three/download/three-0.126.1.tgz",
      "integrity": "sha1-z05OUgYP2VL28NVEDL1CLGa8S+c="
    },
    "node_modules/three-mtl-loader": {
      "version": "1.0.2",
      "resolved": "https://registry.npm.taobao.org/three-mtl-loader/download/three-mtl-loader-1.0.2.tgz",
      "integrity": "sha1-0AYPGvuLwsFm6lbOutJQ1z2hhWM=",
      "dependencies": {
        "three": "^0.87.1"
      }
    },
    "node_modules/three-mtl-loader/node_modules/three": {
      "version": "0.87.1",
      "resolved": "https://registry.npm.taobao.org/three/download/three-0.87.1.tgz",
      "integrity": "sha1-Rmo07cRUNFnO2bnX0na2Uhb+K6g="
    },
    "node_modules/tslib": {
      "version": "2.1.0",
      "resolved": "https://registry.npm.taobao.org/tslib/download/tslib-2.1.0.tgz?cache=0&sync_timestamp=1609887438976&other_urls=https%3A%2F%2Fregistry.npm.taobao.org%2Ftslib%2Fdownload%2Ftslib-2.1.0.tgz",
      "integrity": "sha1-2mCGDxwuyqVwOrfTm8Bba/mIuXo="
    },
    "node_modules/vite": {
      "version": "2.1.2",
      "resolved": "https://registry.npm.taobao.org/vite/download/vite-2.1.2.tgz",
      "integrity": "sha1-CuyvbTQRKyRTbfGhTNjXT9yrbiA=",
      "dev": true,
      "peer": true,
      "dependencies": {
        "esbuild": "^0.9.3",
        "postcss": "^8.2.1",
        "resolve": "^1.19.0",
        "rollup": "^2.38.5"
      },
      "bin": {
        "vite": "bin/vite.js"
      },
      "engines": {
        "node": ">=12.0.0"
      },
      "optionalDependencies": {
        "fsevents": "~2.3.1"
      }
    },
    "node_modules/vite-plugin-string": {
      "version": "1.2.3",
      "resolved": "https://registry.npmmirror.com/vite-plugin-string/-/vite-plugin-string-1.2.3.tgz",
      "integrity": "sha512-zw2jL0c4B6CAvxO8PshX04494jTcqJjNH2kW1AugBH+fImRY0evdNtVgmeS1i1VFdua/OFhL7fMqIPh0uF21/Q==",
      "dev": true,
      "license": "MIT",
      "dependencies": {
        "@rollup/pluginutils": ">=4.1.0"
      },
      "peerDependencies": {
        "vite": ">=2"
      }
    }
  }
}
